{
    "_meta": {
        "hash": {
            "sha256": "7792ebe73c7e121c985facea428782f6d914ad2fbbc028a029b224e7b39d78f3"
        },
        "pipfile-spec": 6,
        "requires": {
            "python_version": "3.10"
        },
        "sources": [
            {
                "name": "pypi",
                "url": "https://pypi.org/simple",
                "verify_ssl": true
            }
        ]
    },
    "default": {
        "requests": {
            "hashes": [
                "sha256:1a720e8862a41aa22e339373b526f508ef0c8988baf48b84d3fc891a8e237efb",
                "sha256:5722cd09762faa01276230270ff16af7acf7c5c45d623868d9ba116f15791ce8"
            ],
            "index": "pypi",
            "version": "==2.13.0"
        }
    },
    "develop": {}
}
